# This file is automatically @generated by Cargo.
# It is not intended for manual editing.
version = 3

[[package]]
name = "fancy"
version = "0.3.1"
source = "registry+https://github.com/rust-lang/crates.io-index"
checksum = "05b601073ae9152ac628eec843013de89a29d2e0bb21c79a95b34de8ba2d4699"

[[package]]
name = "to-do-list"
version = "0.1.0"
dependencies = [
 "fancy",
]
